
Microsoft Visual Studio Solution File, Format Version 12.00
# Visual Studio 15
VisualStudioVersion = 15.0.27130.2036
MinimumVisualStudioVersion = 10.0.40219.1
Project("{FAE04EC0-301F-11D3-BF4B-00C04F79EFBC}") = "CalkiemNowe", "CalkiemNowe\CalkiemNowe.csproj", "{83831432-B2D4-4E85-8CAD-4F4A33788D59}"
EndProject
Global
	GlobalSection(SolutionConfigurationPlatforms) = preSolution
		Debug|Any CPU = Debug|Any CPU
		Release|Any CPU = Release|Any CPU
	EndGlobalSection
	GlobalSection(ProjectConfigurationPlatforms) = postSolution
		{83831432-B2D4-4E85-8CAD-4F4A33788D59}.Debug|Any CPU.ActiveCfg = Debug|Any CPU
		{83831432-B2D4-4E85-8CAD-4F4A33788D59}.Debug|Any CPU.Build.0 = Debug|Any CPU
		{83831432-B2D4-4E85-8CAD-4F4A33788D59}.Release|Any CPU.ActiveCfg = Release|Any CPU
		{83831432-B2D4-4E85-8CAD-4F4A33788D59}.Release|Any CPU.Build.0 = Release|Any CPU
	EndGlobalSection
	GlobalSection(SolutionProperties) = preSolution
		HideSolutionNode = FALSE
	EndGlobalSection
	GlobalSection(ExtensibilityGlobals) = postSolution
		SolutionGuid = {FE01F649-277A-4781-BA5A-DC06FA4A36A9}
	EndGlobalSection
EndGlobal
